{
    "_readme": [
        "This file locks the dependencies of your project to a known state",
        "Read more about it at https://getcomposer.org/doc/01-basic-usage.md#installing-dependencies",
        "This file is @generated automatically"
    ],
    "content-hash": "4b128c8cf5c0ea915656cb67179eac8d",
    "packages": [
        {
            "name": "tenshuu/otus-package-test",
            "version": "1.0.1",
            "source": {
                "type": "git",
                "url": "https://github.com/tenshuu/otus-package-test.git",
                "reference": "c5df896176a52abf417525560214cf9a6e7c8be9"
            },
            "dist": {
                "type": "zip",
                "url": "https://api.github.com/repos/tenshuu/otus-package-test/zipball/c5df896176a52abf417525560214cf9a6e7c8be9",
                "reference": "c5df896176a52abf417525560214cf9a6e7c8be9",
                "shasum": ""
            },
            "require": {
                "php": ">=7.0"
            },
            "type": "library",
            "autoload": {
                "psr-4": {
                    "Tenshuu\\OtusPackageTest\\": "src/"
                }
            },
            "notification-url": "https://packagist.org/downloads/",
            "support": {
                "issues": "https://github.com/tenshuu/otus-package-test/issues",
                "source": "https://github.com/tenshuu/otus-package-test/tree/1.0.1"
            },
            "time": "2025-11-18T20:42:24+00:00"
        }
    ],
    "packages-dev": [],
    "aliases": [],
    "minimum-stability": "stable",
    "stability-flags": [],
    "prefer-stable": false,
    "prefer-lowest": false,
    "platform": [],
    "platform-dev": [],
    "plugin-api-version": "2.6.0"
}
