{
    "_readme": [
        "This file locks the dependencies of your project to a known state",
        "Read more about it at https://getcomposer.org/doc/01-basic-usage.md#installing-dependencies",
        "This file is @generated automatically"
    ],
    "content-hash": "114296afd136e1a90cb908fae6eada36",
    "packages": [
        {
            "name": "ak14/exchange",
            "version": "1.0.1",
            "source": {
                "type": "git",
                "url": "https://github.com/AK14/exchange.git",
                "reference": "45d94e945a92d87d3040c9fd47b9a7f9de08da21"
            },
            "dist": {
                "type": "zip",
                "url": "https://api.github.com/repos/AK14/exchange/zipball/45d94e945a92d87d3040c9fd47b9a7f9de08da21",
                "reference": "45d94e945a92d87d3040c9fd47b9a7f9de08da21",
                "shasum": ""
            },
            "require": {
                "ext-curl": "*"
            },
            "type": "library",
            "autoload": {
                "psr-4": {
                    "Ak14\\Exchange\\": "src/"
                }
            },
            "notification-url": "https://packagist.org/downloads/",
            "support": {
                "issues": "https://github.com/AK14/exchange/issues",
                "source": "https://github.com/AK14/exchange/tree/1.0.1"
            },
            "time": "2025-11-15T11:40:05+00:00"
        }
    ],
    "packages-dev": [],
    "aliases": [],
    "minimum-stability": "stable",
    "stability-flags": {},
    "prefer-stable": false,
    "prefer-lowest": false,
    "platform": {},
    "platform-dev": {},
    "plugin-api-version": "2.9.0"
}
